
Microsoft Visual Studio Solution File, Format Version 12.00
# Visual Studio Version 17
VisualStudioVersion = 17.3.32825.248
MinimumVisualStudioVersion = 10.0.40219.1
Project("{FAE04EC0-301F-11D3-BF4B-00C04F79EFBC}") = "crudTEST", "crudTEST\crudTEST.csproj", "{36EB74E2-25C4-40B6-AF90-7829FF8436BE}"
EndProject
Global
	GlobalSection(SolutionConfigurationPlatforms) = preSolution
		Debug|Any CPU = Debug|Any CPU
		Release|Any CPU = Release|Any CPU
	EndGlobalSection
	GlobalSection(ProjectConfigurationPlatforms) = postSolution
		{36EB74E2-25C4-40B6-AF90-7829FF8436BE}.Debug|Any CPU.ActiveCfg = Debug|Any CPU
		{36EB74E2-25C4-40B6-AF90-7829FF8436BE}.Debug|Any CPU.Build.0 = Debug|Any CPU
		{36EB74E2-25C4-40B6-AF90-7829FF8436BE}.Release|Any CPU.ActiveCfg = Release|Any CPU
		{36EB74E2-25C4-40B6-AF90-7829FF8436BE}.Release|Any CPU.Build.0 = Release|Any CPU
	EndGlobalSection
	GlobalSection(SolutionProperties) = preSolution
		HideSolutionNode = FALSE
	EndGlobalSection
	GlobalSection(ExtensibilityGlobals) = postSolution
		SolutionGuid = {53AF7A96-C364-4042-BACB-BA8158C954EA}
	EndGlobalSection
EndGlobal
