
Microsoft Visual Studio Solution File, Format Version 12.00
# Visual Studio Version 17
VisualStudioVersion = 17.3.32825.248
MinimumVisualStudioVersion = 10.0.40219.1
Project("{9A19103F-16F7-4668-BE54-9A1E7A4F7556}") = "TelaUsuario", "crudTEST\TelaUsuario.csproj", "{36EB74E2-25C4-40B6-AF90-7829FF8436BE}"
EndProject
Project("{9A19103F-16F7-4668-BE54-9A1E7A4F7556}") = "Dominio", "Dominio\Dominio.csproj", "{23D4442C-DAA5-4FF0-A68C-DF548B1DF269}"
EndProject
Project("{9A19103F-16F7-4668-BE54-9A1E7A4F7556}") = "Infra", "Infra\Infra.csproj", "{5DCCE814-63B0-457D-B40C-BB8EA44F5183}"
EndProject
Project("{FAE04EC0-301F-11D3-BF4B-00C04F79EFBC}") = "CadastroLivro.Api", "CadastroLivro.Api\CadastroLivro.Api.csproj", "{9B57C205-3270-4695-A321-035089C9BC25}"
EndProject
Global
	GlobalSection(SolutionConfigurationPlatforms) = preSolution
		Debug|Any CPU = Debug|Any CPU
		Release|Any CPU = Release|Any CPU
	EndGlobalSection
	GlobalSection(ProjectConfigurationPlatforms) = postSolution
		{36EB74E2-25C4-40B6-AF90-7829FF8436BE}.Debug|Any CPU.ActiveCfg = Debug|Any CPU
		{36EB74E2-25C4-40B6-AF90-7829FF8436BE}.Debug|Any CPU.Build.0 = Debug|Any CPU
		{36EB74E2-25C4-40B6-AF90-7829FF8436BE}.Release|Any CPU.ActiveCfg = Release|Any CPU
		{36EB74E2-25C4-40B6-AF90-7829FF8436BE}.Release|Any CPU.Build.0 = Release|Any CPU
		{23D4442C-DAA5-4FF0-A68C-DF548B1DF269}.Debug|Any CPU.ActiveCfg = Debug|Any CPU
		{23D4442C-DAA5-4FF0-A68C-DF548B1DF269}.Debug|Any CPU.Build.0 = Debug|Any CPU
		{23D4442C-DAA5-4FF0-A68C-DF548B1DF269}.Release|Any CPU.ActiveCfg = Release|Any CPU
		{23D4442C-DAA5-4FF0-A68C-DF548B1DF269}.Release|Any CPU.Build.0 = Release|Any CPU
		{5DCCE814-63B0-457D-B40C-BB8EA44F5183}.Debug|Any CPU.ActiveCfg = Debug|Any CPU
		{5DCCE814-63B0-457D-B40C-BB8EA44F5183}.Debug|Any CPU.Build.0 = Debug|Any CPU
		{5DCCE814-63B0-457D-B40C-BB8EA44F5183}.Release|Any CPU.ActiveCfg = Release|Any CPU
		{5DCCE814-63B0-457D-B40C-BB8EA44F5183}.Release|Any CPU.Build.0 = Release|Any CPU
		{9B57C205-3270-4695-A321-035089C9BC25}.Debug|Any CPU.ActiveCfg = Debug|Any CPU
		{9B57C205-3270-4695-A321-035089C9BC25}.Debug|Any CPU.Build.0 = Debug|Any CPU
		{9B57C205-3270-4695-A321-035089C9BC25}.Release|Any CPU.ActiveCfg = Release|Any CPU
		{9B57C205-3270-4695-A321-035089C9BC25}.Release|Any CPU.Build.0 = Release|Any CPU
	EndGlobalSection
	GlobalSection(SolutionProperties) = preSolution
		HideSolutionNode = FALSE
	EndGlobalSection
	GlobalSection(ExtensibilityGlobals) = postSolution
		SolutionGuid = {53AF7A96-C364-4042-BACB-BA8158C954EA}
	EndGlobalSection
EndGlobal
